github.com/alex-shpak/hugo-book v0.0.0-20250903221738-dbaaa516e8ff h1:+d55Hwcq8rHi78Xek4Ym5zKcqTJXG4ytIxytzpLmrMw=
github.com/alex-shpak/hugo-book v0.0.0-20250903221738-dbaaa516e8ff/go.mod h1:L4NMyzbn15fpLIpmmtDg9ZFFyTZzw87/lk7M2bMQ7ds=
github.com/imfing/hextra v0.11.1 h1:8pTc4ReYbzGTHAnyiebmlT3ijFfIXiGu1r7tM/UGjFI=
github.com/imfing/hextra v0.11.1/go.mod h1:cEfel3lU/bSx7lTE/+uuR4GJaphyOyiwNR3PTqFTXpI=
